
Microsoft Visual Studio Solution File, Format Version 12.00
# Visual Studio Version 16
VisualStudioVersion = 16.0.33423.256
MinimumVisualStudioVersion = 10.0.40219.1
Project("{FAE04EC0-301F-11D3-BF4B-00C04F79EFBC}") = "Lab6.2", "Lab6.2.csproj", "{AE7390AA-D1BA-4DE5-96B8-17E4FFACA48D}"
EndProject
Global
	GlobalSection(SolutionConfigurationPlatforms) = preSolution
		Debug|Any CPU = Debug|Any CPU
		Release|Any CPU = Release|Any CPU
	EndGlobalSection
	GlobalSection(ProjectConfigurationPlatforms) = postSolution
		{AE7390AA-D1BA-4DE5-96B8-17E4FFACA48D}.Debug|Any CPU.ActiveCfg = Debug|Any CPU
		{AE7390AA-D1BA-4DE5-96B8-17E4FFACA48D}.Debug|Any CPU.Build.0 = Debug|Any CPU
		{AE7390AA-D1BA-4DE5-96B8-17E4FFACA48D}.Release|Any CPU.ActiveCfg = Release|Any CPU
		{AE7390AA-D1BA-4DE5-96B8-17E4FFACA48D}.Release|Any CPU.Build.0 = Release|Any CPU
	EndGlobalSection
	GlobalSection(SolutionProperties) = preSolution
		HideSolutionNode = FALSE
	EndGlobalSection
	GlobalSection(ExtensibilityGlobals) = postSolution
		SolutionGuid = {64308B5E-8335-46B8-ABFE-5590E481ED66}
	EndGlobalSection
EndGlobal
